github.com/boggydigital/atomus v0.1.9 h1:zAmXtAAXtBzMfz/83nEO4x8/uSLlPOq5wynW1jR/rbk=
github.com/boggydigital/atomus v0.1.9/go.mod h1:mvPDNDMrpFZ7RHbyMrt30hVXFU+VoeCvHnT83Zhj91I=
github.com/boggydigital/clo v1.0.4 h1:LKvXktyG+EeemzjnSp0DYIAEbY2/rvFcuHtjjwJk280=
github.com/boggydigital/clo v1.0.4/go.mod h1:7QbdMB008okXsdk41qJyJ6k/oJALIIXQ0GLYSxY9WFM=
github.com/boggydigital/coost v0.3.9 h1:lMfR5PyexBDR4xDOQp0zWZWUk/Dqlrx7gw7i7XdsC4c=
github.com/boggydigital/coost v0.3.9/go.mod h1:w7ChGaah1DKsBIXb9ANdILg2pe2Jp7JkNpnK2R6rBec=
github.com/boggydigital/issa v0.1.10 h1:zHSRJHkOz3DwVvp4/YL06qq/VHXexL7qrn4m48hRf/o=
github.com/boggydigital/issa v0.1.10/go.mod h1:Rq+f8yeTlM/3ov4MCjmxWNL90n47h5CkwP6/628McKU=
github.com/boggydigital/kvas v0.4.7 h1:igiP0CqrPkAkL/lq80Oex2gvUtWd+OFibdgvPnazFIo=
github.com/boggydigital/kvas v0.4.7/go.mod h1:oP9td1uUuG0cgNGle/iz2dbdAllJcyLBGgp0GJ7nZCg=
github.com/boggydigital/match_node v0.1.16 h1:oE7Hlehb1xuFnB3k7kfZPjaOV3c+j0g/O76+XVoib3E=
github.com/boggydigital/match_node v0.1.16/go.mod h1:dAlD1Ktt/eUSkGzvqoxDUDTmAKZO6V7aWH5toocaeU4=
github.com/boggydigital/middleware v0.1.16 h1:ajmnG2A2gCCkVAj85GrC7Pokp+KtB0rG9caOfxnGyUs=
github.com/boggydigital/middleware v0.1.16/go.mod h1:KUe0GXODjXyAcX7ow2o5lEz4+86dhG7ChTX5ekjqGro=
github.com/boggydigital/nod v0.1.21 h1:pQbrgswCuU5dr3IWS1Z902PJAm5BebSLG+Q3aG7KJ+4=
github.com/boggydigital/nod v0.1.21/go.mod h1:bYucIZ3rLHBZKf/3+T+eTSxuijuja7Y6OgU2P6o2/vo=
github.com/boggydigital/stencil v0.2.23 h1:bRJ0QrjFkJiJCWBrn2jT/cvvABl/eSM72J8eY5T9c78=
github.com/boggydigital/stencil v0.2.23/go.mod h1:qH+bd4aKD8JT/RYvYOTRFM1q9EYk61/LsmhiZ9JuPp8=
github.com/boggydigital/testo v0.1.8 h1:NKuKLpWKn8gG3dYq8xNrFYHimxoCTdzLOs242q6jeQo=
github.com/boggydigital/testo v0.1.8/go.mod h1:8JTO6UKeQPsHS82vbCH/3NLDfewmr/84vVQ6rNLdCas=
github.com/boggydigital/wits v0.2.3 h1:Z0eB+QlIA18fJmblyV6ZJQ/swPYSFhOxfgMXOQz4/c8=
github.com/boggydigital/wits v0.2.3/go.mod h1:aR/z0vfMLtg0b4hcts0qiSTZcA51O8A2N3U9laqd2Lc=
golang.org/x/exp v0.0.0-20240205201215-2c58cdc269a3 h1:/RIbNt/Zr7rVhIkQhooTxCxFcdWLGIKnZA4IXNFSrvo=
golang.org/x/exp v0.0.0-20240205201215-2c58cdc269a3/go.mod h1:idGWGoKP1toJGkd5/ig9ZLuPcZBC3ewk7SzmH0uou08=
golang.org/x/image v0.15.0 h1:kOELfmgrmJlw4Cdb7g/QGuB3CvDrXbqEIww/pNtNBm8=
golang.org/x/image v0.15.0/go.mod h1:HUYqC05R2ZcZ3ejNQsIHQDQiwWM4JBqmm6MKANTp4LE=
golang.org/x/net v0.23.0 h1:7EYJ93RZ9vYSZAIb2x3lnuvqO5zneoD6IvWjuhfxjTs=
golang.org/x/net v0.23.0/go.mod h1:JKghWKKOSdJwpW2GEx0Ja7fmaKnMsbu+MWVZTokSYmg=
golang.org/x/text v0.14.0 h1:ScX5w1eTa3QqT8oi6+ziP7dTV1S2+ALU0bI+0zXKWiQ=
golang.org/x/text v0.14.0/go.mod h1:18ZOQIKpY8NJVqYksKHtTdi31H5itFRjB5/qKTNYzSU=
